
Microsoft Visual Studio Solution File, Format Version 12.00
# Visual Studio Version 17
VisualStudioVersion = 17.0.31903.59
MinimumVisualStudioVersion = 10.0.40219.1
Project("{FAE04EC0-301F-11D3-BF4B-00C04F79EFBC}") = "MeuProjetinho", "MeuProjetinho\MeuProjetinho.csproj", "{DF68EB80-2F88-4BCE-90EF-DA0495F9DE1B}"
EndProject
Project("{FAE04EC0-301F-11D3-BF4B-00C04F79EFBC}") = "MeuProjetinho.Data", "MeuProjetinho.Data\MeuProjetinho.Data.csproj", "{8A84383A-B3D5-4E15-A28B-F2043280F67E}"
EndProject
Project("{FAE04EC0-301F-11D3-BF4B-00C04F79EFBC}") = "MeuDiarioSenac.Model", "MeuDiarioSenac.Model\MeuDiarioSenac.Model.csproj", "{71D892E8-19E8-4C29-B25D-A977821E0C85}"
EndProject
Project("{FAE04EC0-301F-11D3-BF4B-00C04F79EFBC}") = "MeuDiarioSenac.Business", "MeuDiarioSenac.Business\MeuDiarioSenac.Business.csproj", "{AE3A52B1-D3A7-466F-809F-37FF21DFAE2A}"
EndProject
Project("{FAE04EC0-301F-11D3-BF4B-00C04F79EFBC}") = "MeuDiarioSenac.Service", "MeuDiarioSenac.Service\MeuDiarioSenac.Service.csproj", "{4C1A8C3A-BC33-4109-A058-EFE367363990}"
EndProject
Project("{FAE04EC0-301F-11D3-BF4B-00C04F79EFBC}") = "MeuDiarioSenac.WebApi", "MeuDiarioSenac.WebApi\MeuDiarioSenac.WebApi.csproj", "{29F20D15-294A-400F-86E6-7C0883C3A5F4}"
EndProject
Global
	GlobalSection(SolutionConfigurationPlatforms) = preSolution
		Debug|Any CPU = Debug|Any CPU
		Debug|x64 = Debug|x64
		Debug|x86 = Debug|x86
		Release|Any CPU = Release|Any CPU
		Release|x64 = Release|x64
		Release|x86 = Release|x86
	EndGlobalSection
	GlobalSection(ProjectConfigurationPlatforms) = postSolution
		{DF68EB80-2F88-4BCE-90EF-DA0495F9DE1B}.Debug|Any CPU.ActiveCfg = Debug|Any CPU
		{DF68EB80-2F88-4BCE-90EF-DA0495F9DE1B}.Debug|Any CPU.Build.0 = Debug|Any CPU
		{DF68EB80-2F88-4BCE-90EF-DA0495F9DE1B}.Debug|x64.ActiveCfg = Debug|Any CPU
		{DF68EB80-2F88-4BCE-90EF-DA0495F9DE1B}.Debug|x64.Build.0 = Debug|Any CPU
		{DF68EB80-2F88-4BCE-90EF-DA0495F9DE1B}.Debug|x86.ActiveCfg = Debug|Any CPU
		{DF68EB80-2F88-4BCE-90EF-DA0495F9DE1B}.Debug|x86.Build.0 = Debug|Any CPU
		{DF68EB80-2F88-4BCE-90EF-DA0495F9DE1B}.Release|Any CPU.ActiveCfg = Release|Any CPU
		{DF68EB80-2F88-4BCE-90EF-DA0495F9DE1B}.Release|Any CPU.Build.0 = Release|Any CPU
		{DF68EB80-2F88-4BCE-90EF-DA0495F9DE1B}.Release|x64.ActiveCfg = Release|Any CPU
		{DF68EB80-2F88-4BCE-90EF-DA0495F9DE1B}.Release|x64.Build.0 = Release|Any CPU
		{DF68EB80-2F88-4BCE-90EF-DA0495F9DE1B}.Release|x86.ActiveCfg = Release|Any CPU
		{DF68EB80-2F88-4BCE-90EF-DA0495F9DE1B}.Release|x86.Build.0 = Release|Any CPU
		{8A84383A-B3D5-4E15-A28B-F2043280F67E}.Debug|Any CPU.ActiveCfg = Debug|Any CPU
		{8A84383A-B3D5-4E15-A28B-F2043280F67E}.Debug|Any CPU.Build.0 = Debug|Any CPU
		{8A84383A-B3D5-4E15-A28B-F2043280F67E}.Debug|x64.ActiveCfg = Debug|Any CPU
		{8A84383A-B3D5-4E15-A28B-F2043280F67E}.Debug|x64.Build.0 = Debug|Any CPU
		{8A84383A-B3D5-4E15-A28B-F2043280F67E}.Debug|x86.ActiveCfg = Debug|Any CPU
		{8A84383A-B3D5-4E15-A28B-F2043280F67E}.Debug|x86.Build.0 = Debug|Any CPU
		{8A84383A-B3D5-4E15-A28B-F2043280F67E}.Release|Any CPU.ActiveCfg = Release|Any CPU
		{8A84383A-B3D5-4E15-A28B-F2043280F67E}.Release|Any CPU.Build.0 = Release|Any CPU
		{8A84383A-B3D5-4E15-A28B-F2043280F67E}.Release|x64.ActiveCfg = Release|Any CPU
		{8A84383A-B3D5-4E15-A28B-F2043280F67E}.Release|x64.Build.0 = Release|Any CPU
		{8A84383A-B3D5-4E15-A28B-F2043280F67E}.Release|x86.ActiveCfg = Release|Any CPU
		{8A84383A-B3D5-4E15-A28B-F2043280F67E}.Release|x86.Build.0 = Release|Any CPU
		{71D892E8-19E8-4C29-B25D-A977821E0C85}.Debug|Any CPU.ActiveCfg = Debug|Any CPU
		{71D892E8-19E8-4C29-B25D-A977821E0C85}.Debug|Any CPU.Build.0 = Debug|Any CPU
		{71D892E8-19E8-4C29-B25D-A977821E0C85}.Debug|x64.ActiveCfg = Debug|Any CPU
		{71D892E8-19E8-4C29-B25D-A977821E0C85}.Debug|x64.Build.0 = Debug|Any CPU
		{71D892E8-19E8-4C29-B25D-A977821E0C85}.Debug|x86.ActiveCfg = Debug|Any CPU
		{71D892E8-19E8-4C29-B25D-A977821E0C85}.Debug|x86.Build.0 = Debug|Any CPU
		{71D892E8-19E8-4C29-B25D-A977821E0C85}.Release|Any CPU.ActiveCfg = Release|Any CPU
		{71D892E8-19E8-4C29-B25D-A977821E0C85}.Release|Any CPU.Build.0 = Release|Any CPU
		{71D892E8-19E8-4C29-B25D-A977821E0C85}.Release|x64.ActiveCfg = Release|Any CPU
		{71D892E8-19E8-4C29-B25D-A977821E0C85}.Release|x64.Build.0 = Release|Any CPU
		{71D892E8-19E8-4C29-B25D-A977821E0C85}.Release|x86.ActiveCfg = Release|Any CPU
		{71D892E8-19E8-4C29-B25D-A977821E0C85}.Release|x86.Build.0 = Release|Any CPU
		{AE3A52B1-D3A7-466F-809F-37FF21DFAE2A}.Debug|Any CPU.ActiveCfg = Debug|Any CPU
		{AE3A52B1-D3A7-466F-809F-37FF21DFAE2A}.Debug|Any CPU.Build.0 = Debug|Any CPU
		{AE3A52B1-D3A7-466F-809F-37FF21DFAE2A}.Debug|x64.ActiveCfg = Debug|Any CPU
		{AE3A52B1-D3A7-466F-809F-37FF21DFAE2A}.Debug|x64.Build.0 = Debug|Any CPU
		{AE3A52B1-D3A7-466F-809F-37FF21DFAE2A}.Debug|x86.ActiveCfg = Debug|Any CPU
		{AE3A52B1-D3A7-466F-809F-37FF21DFAE2A}.Debug|x86.Build.0 = Debug|Any CPU
		{AE3A52B1-D3A7-466F-809F-37FF21DFAE2A}.Release|Any CPU.ActiveCfg = Release|Any CPU
		{AE3A52B1-D3A7-466F-809F-37FF21DFAE2A}.Release|Any CPU.Build.0 = Release|Any CPU
		{AE3A52B1-D3A7-466F-809F-37FF21DFAE2A}.Release|x64.ActiveCfg = Release|Any CPU
		{AE3A52B1-D3A7-466F-809F-37FF21DFAE2A}.Release|x64.Build.0 = Release|Any CPU
		{AE3A52B1-D3A7-466F-809F-37FF21DFAE2A}.Release|x86.ActiveCfg = Release|Any CPU
		{AE3A52B1-D3A7-466F-809F-37FF21DFAE2A}.Release|x86.Build.0 = Release|Any CPU
		{4C1A8C3A-BC33-4109-A058-EFE367363990}.Debug|Any CPU.ActiveCfg = Debug|Any CPU
		{4C1A8C3A-BC33-4109-A058-EFE367363990}.Debug|Any CPU.Build.0 = Debug|Any CPU
		{4C1A8C3A-BC33-4109-A058-EFE367363990}.Debug|x64.ActiveCfg = Debug|Any CPU
		{4C1A8C3A-BC33-4109-A058-EFE367363990}.Debug|x64.Build.0 = Debug|Any CPU
		{4C1A8C3A-BC33-4109-A058-EFE367363990}.Debug|x86.ActiveCfg = Debug|Any CPU
		{4C1A8C3A-BC33-4109-A058-EFE367363990}.Debug|x86.Build.0 = Debug|Any CPU
		{4C1A8C3A-BC33-4109-A058-EFE367363990}.Release|Any CPU.ActiveCfg = Release|Any CPU
		{4C1A8C3A-BC33-4109-A058-EFE367363990}.Release|Any CPU.Build.0 = Release|Any CPU
		{4C1A8C3A-BC33-4109-A058-EFE367363990}.Release|x64.ActiveCfg = Release|Any CPU
		{4C1A8C3A-BC33-4109-A058-EFE367363990}.Release|x64.Build.0 = Release|Any CPU
		{4C1A8C3A-BC33-4109-A058-EFE367363990}.Release|x86.ActiveCfg = Release|Any CPU
		{4C1A8C3A-BC33-4109-A058-EFE367363990}.Release|x86.Build.0 = Release|Any CPU
		{29F20D15-294A-400F-86E6-7C0883C3A5F4}.Debug|Any CPU.ActiveCfg = Debug|Any CPU
		{29F20D15-294A-400F-86E6-7C0883C3A5F4}.Debug|Any CPU.Build.0 = Debug|Any CPU
		{29F20D15-294A-400F-86E6-7C0883C3A5F4}.Debug|x64.ActiveCfg = Debug|Any CPU
		{29F20D15-294A-400F-86E6-7C0883C3A5F4}.Debug|x64.Build.0 = Debug|Any CPU
		{29F20D15-294A-400F-86E6-7C0883C3A5F4}.Debug|x86.ActiveCfg = Debug|Any CPU
		{29F20D15-294A-400F-86E6-7C0883C3A5F4}.Debug|x86.Build.0 = Debug|Any CPU
		{29F20D15-294A-400F-86E6-7C0883C3A5F4}.Release|Any CPU.ActiveCfg = Release|Any CPU
		{29F20D15-294A-400F-86E6-7C0883C3A5F4}.Release|Any CPU.Build.0 = Release|Any CPU
		{29F20D15-294A-400F-86E6-7C0883C3A5F4}.Release|x64.ActiveCfg = Release|Any CPU
		{29F20D15-294A-400F-86E6-7C0883C3A5F4}.Release|x64.Build.0 = Release|Any CPU
		{29F20D15-294A-400F-86E6-7C0883C3A5F4}.Release|x86.ActiveCfg = Release|Any CPU
		{29F20D15-294A-400F-86E6-7C0883C3A5F4}.Release|x86.Build.0 = Release|Any CPU
	EndGlobalSection
	GlobalSection(SolutionProperties) = preSolution
		HideSolutionNode = FALSE
	EndGlobalSection
EndGlobal
